{
  "lockfileVersion": 1,
  "configVersion": 1,
  "workspaces": {
    "": {
      "name": "vite-svg-to-ico",
      "dependencies": {
        "@kjanat/dreamcli": "^2.5.0",
        "sharp": "^0.35",
      },
      "devDependencies": {
        "@arethetypeswrong/core": "^0.18",
        "@biomejs/biome": "^2.5",
        "@types/bun": "^1.3",
        "@typescript/native-preview": "^7.0.0-dev.20260629.1",
        "dprint": "^0.55.1",
        "publint": "^0.3",
        "runner-run": "^0.15.0",
        "tsdown": "^0.22",
        "typescript": "^6",
        "unplugin-unused": "^0.5",
        "vite": "^8",
      },
    },
    "tests/smoke/fixture": {
      "name": "vsi-smoke-fixture",
      "devDependencies": {
        "vite": "^8",
      },
    },
  },
  "overrides": {
    "fflate": "0.8.2",
  },
  "packages": {
    "@andrewbranch/untar.js": ["@andrewbranch/untar.js@1.0.3", "", {}, "sha512-Jh15/qVmrLGhkKJBdXlK1+9tY4lZruYjsgkDFj08ZmDiWVBLJcqkok7Z0/R0In+i1rScBpJlSvrTS2Lm41Pbnw=="],

    "@arethetypeswrong/core": ["@arethetypeswrong/core@0.18.4", "", { "dependencies": { "@andrewbranch/untar.js": "^1.0.3", "@loaderkit/resolve": "^1.0.2", "cjs-module-lexer": "^1.2.3", "fflate": "^0.8.3", "lru-cache": "^11.0.1", "semver": "^7.5.4", "typescript": "5.6.1-rc", "validate-npm-package-name": "^5.0.0" } }, "sha512-M5F0ePyN6h2Z6XxRiyIPqjGbltotXLjR0CKA0uKspsDu0QmgTNYvRb4RSQPMUs2ZXZHCCYpbaZbFbYOXLxCjUA=="],

    "@babel/generator": ["@babel/generator@8.0.0", "", { "dependencies": { "@babel/parser": "^8.0.0", "@babel/types": "^8.0.0", "@jridgewell/gen-mapping": "^0.3.12", "@jridgewell/trace-mapping": "^0.3.28", "@types/jsesc": "^2.5.0", "jsesc": "^3.0.2" } }, "sha512-NT9NrVwJsbSV6Y2FSstWa71EETOnzrjkL5/wX3D2mYHtKM+qvqB1DvR4D0Setb/gDBsHzRICifwEWMO8CnTF6g=="],

    "@babel/helper-string-parser": ["@babel/helper-string-parser@8.0.0", "", {}, "sha512-6mJgmFFFIIO82vvoLt9XtRC7/TkzXfts1t/SpRX4IHSzMgqoPYCWesVu1udUPUWioAE/2fcG6WuI8zrkE1gwrg=="],

    "@babel/helper-validator-identifier": ["@babel/helper-validator-identifier@8.0.2", "", {}, "sha512-9Fr9QeyCAyi1BR1jKZ6uYQ24EIhQUx5ReHfQU7drOE+TPOb+w11/dsqLkMOT2U29OdCT71XajrOT8xDc1C7orA=="],

    "@babel/parser": ["@babel/parser@8.0.0", "", { "dependencies": { "@babel/types": "^8.0.0" }, "bin": "./bin/babel-parser.js" }, "sha512-aLxAE+imI9bCcyaPrUDjBv3uSkWieifjLe0kuFOZF0zli0L6GCsTmsePnTr55adbIAgYz2zhN1vnFimCBUYcRQ=="],

    "@babel/types": ["@babel/types@8.0.0", "", { "dependencies": { "@babel/helper-string-parser": "^8.0.0", "@babel/helper-validator-identifier": "^8.0.0" } }, "sha512-K8ponJDxBwDHigkeFqaqT5wLGl4bTlwMafR8k7b5CPxr6Ww+UG9ls8Yx6Tcpboxu97eeGVEEyKcHmEyOwN1vSw=="],

    "@biomejs/biome": ["@biomejs/biome@2.5.1", "", { "optionalDependencies": { "@biomejs/cli-darwin-arm64": "2.5.1", "@biomejs/cli-darwin-x64": "2.5.1", "@biomejs/cli-linux-arm64": "2.5.1", "@biomejs/cli-linux-arm64-musl": "2.5.1", "@biomejs/cli-linux-x64": "2.5.1", "@biomejs/cli-linux-x64-musl": "2.5.1", "@biomejs/cli-win32-arm64": "2.5.1", "@biomejs/cli-win32-x64": "2.5.1" }, "bin": { "biome": "bin/biome" } }, "sha512-IXWLCxKmae+rI7LOHS1B3EbVisQ6GRAWbhN9msa6KjNCyFWrvKZWR4oUdinaNssrV852OrSHuSPa95h1GPJc7Q=="],

    "@biomejs/cli-darwin-arm64": ["@biomejs/cli-darwin-arm64@2.5.1", "", { "os": "darwin", "cpu": "arm64" }, "sha512-npqDzvqv7vFaWRiNN1Te71siRgPaqS9MpqgYCdP/CrUbkJ7ApezaeaKjueKHRN/JH/6lRjJQAHi8acQDCAz22w=="],

    "@biomejs/cli-darwin-x64": ["@biomejs/cli-darwin-x64@2.5.1", "", { "os": "darwin", "cpu": "x64" }, "sha512-RgwTqPAM8g2tn1j+b5oRjF/DbSBX8a4gwojtuG9XuhfK7GgomvZ9+T+tqjXiVbjLEeGJOoL6VEk8mvRTVeSybw=="],

    "@biomejs/cli-linux-arm64": ["@biomejs/cli-linux-arm64@2.5.1", "", { "os": "linux", "cpu": "arm64" }, "sha512-yhV35CzZh38VyMvTEXi3JTjxZBs++oCKK9KG8vB6VI5+uvQvZNR3BFWEKKzuOmx9DJJj7sQpZ4LQJcmbGTs3+Q=="],

    "@biomejs/cli-linux-arm64-musl": ["@biomejs/cli-linux-arm64-musl@2.5.1", "", { "os": "linux", "cpu": "arm64" }, "sha512-WMcvMLgByyTqVxGlq918NBBYliq9FRR9GAQVETHb+VjGVqXCZFfHlZHC1FX4ibuYY/Hg6TJE3rHU0xVrdJXNRw=="],

    "@biomejs/cli-linux-x64": ["@biomejs/cli-linux-x64@2.5.1", "", { "os": "linux", "cpu": "x64" }, "sha512-J/7uHSX7NfoYDI7HijAkd8lnQIOrRb2W7j3X+tw4R+N5ExvXGsyXFiGdQcfcxfOmNQmZVSQOCDk757fwpzqQcg=="],

    "@biomejs/cli-linux-x64-musl": ["@biomejs/cli-linux-x64-musl@2.5.1", "", { "os": "linux", "cpu": "x64" }, "sha512-ANTowtlLmPYm5yeMckWY8Xzb9Ix+JJP3tgHR/n6xRj1VWyIzzWtfRfih9hv9VmClwadpBvZduISZIbBsIlYG3A=="],

    "@biomejs/cli-win32-arm64": ["@biomejs/cli-win32-arm64@2.5.1", "", { "os": "win32", "cpu": "arm64" }, "sha512-zgXnKNgWPC4iPF7Y1lR3STUeCUuZRpD6IiOrC7TZTlh0Lx6FiVUT05myuMQHQ9D+1cc7uyMldi4forE6lp0ivQ=="],

    "@biomejs/cli-win32-x64": ["@biomejs/cli-win32-x64@2.5.1", "", { "os": "win32", "cpu": "x64" }, "sha512-6uxpR9hvaglANkZemeSiN/FhYgkGasrEGn267eXIWvjrjJ2LhDlk251IhjVJq6MXzkV2/bcXwLwSroLyPtqRZg=="],

    "@braidai/lang": ["@braidai/lang@1.1.2", "", {}, "sha512-qBcknbBufNHlui137Hft8xauQMTZDKdophmLFv05r2eNmdIv/MlPuP4TdUknHG68UdWLgVZwgxVe735HzJNIwA=="],

    "@dprint/android-arm64": ["@dprint/android-arm64@0.55.1", "", { "os": "android", "cpu": "arm64" }, "sha512-H1UQIcBJEo1dA8AVrkPnw5AYMMGHNe4w0lq9rEDSY3Lds0VUKACu2MK3JLNARpjljh3WKeO109J26Wpq8PTuGQ=="],

    "@dprint/android-x64": ["@dprint/android-x64@0.55.1", "", { "os": "android", "cpu": "x64" }, "sha512-8dPiGpEo4S4cQhnLaoHtNm4HiqR9DIPr/81z3gWb5qTmJp8bKj+3DO4mAmmldMRBicmpXCss0xudniNTxnWOMg=="],

    "@dprint/darwin-arm64": ["@dprint/darwin-arm64@0.55.1", "", { "os": "darwin", "cpu": "arm64" }, "sha512-c65u8f63R/etCKP0CZ/RkbMCRC99wgZDt/vhwjY2QdO0k23dMKXKEV6+ruUEwV2toh+QIRT02dRL7BtxjA0V7w=="],

    "@dprint/darwin-x64": ["@dprint/darwin-x64@0.55.1", "", { "os": "darwin", "cpu": "x64" }, "sha512-AsET9+4rMk7ZFEMq3HYl/hYNBMBrR/juiSzclEU0oUCf3koxFbVKL8Srad8Vhyv8jEnOaMn78TCnahmHhp1SCQ=="],

    "@dprint/linux-arm64-glibc": ["@dprint/linux-arm64-glibc@0.55.1", "", { "os": "linux", "cpu": "arm64" }, "sha512-vt7w+aL2MjtD3RRfnUTDuK/b7xg1/feBe3WoV0S2rGNmPEJI+K7wwBXkOl/I77V9w3PP2zvN/aRY5dMOZrkbSg=="],

    "@dprint/linux-arm64-musl": ["@dprint/linux-arm64-musl@0.55.1", "", { "os": "linux", "cpu": "arm64" }, "sha512-7shUIOvJcTn4IYEPlb/Up4KLt5kbDuCTdc3DN68i88XT+nRBFQatD7Qok+6Ysra34KJMxF88QVHiimjH1ABy4A=="],

    "@dprint/linux-loong64-glibc": ["@dprint/linux-loong64-glibc@0.55.1", "", { "os": "linux", "cpu": "none" }, "sha512-G2mXiOGpkeC3LP8huSnImxU7hMvRY6rHIW+yBuw1vDDm5r6+H9CVhcXr3TMOk3poZ7IlWwQnDmP0/RuGQUEpYw=="],

    "@dprint/linux-loong64-musl": ["@dprint/linux-loong64-musl@0.55.1", "", { "os": "linux", "cpu": "none" }, "sha512-uO2r4QPYawDfQUyATr0opqfMkG2hVpz3yScRKs5ve9PWzqx2f5kJaaLuLVoXwSbWqDkozMGPcldAVSpOwGJ24Q=="],

    "@dprint/linux-ppc64-glibc": ["@dprint/linux-ppc64-glibc@0.55.1", "", { "os": "linux", "cpu": "ppc64" }, "sha512-NVR+BN4kTQd/vJ91YOGSkBotAM2f1hFD+HD5zq5Oc1djxjl1U2Zvc667UWKamxaXdv/ssZxkLuj0lbvbx9E3/A=="],

    "@dprint/linux-ppc64-musl": ["@dprint/linux-ppc64-musl@0.55.1", "", { "os": "linux", "cpu": "ppc64" }, "sha512-34Db83XGoKbwmvIY52sokywIMCmmIZM1vzw4ILlOkKugG51TltBOzLCssT9Rkfxz/TjR9dgwtBHEQJZjftuQ6Q=="],

    "@dprint/linux-riscv64-glibc": ["@dprint/linux-riscv64-glibc@0.55.1", "", { "os": "linux", "cpu": "none" }, "sha512-MVeYH48GhR3QkfhMhhYbXl9x+iO2sK1nNpr2ByJ4IKogHIlvlFff0eeukqAZZAod+rhAzJnLMBGgIDbIUHWK1g=="],

    "@dprint/linux-x64-glibc": ["@dprint/linux-x64-glibc@0.55.1", "", { "os": "linux", "cpu": "x64" }, "sha512-ILHgXOIIXeZDjt51egaC4kmu744UuNfaauUM1El+dG9QGan4Vv4f0RRDDbQMKN95zTpacECuNKEhuUtS8euNWA=="],

    "@dprint/linux-x64-musl": ["@dprint/linux-x64-musl@0.55.1", "", { "os": "linux", "cpu": "x64" }, "sha512-SwWxWd313VkeH63fR4IlQCDfJNJ+mSw50BidP0PQInCNbUHYOIeWTcyzAaVa8GQdLvmhiNcJ0pmTDOL0F98QIQ=="],

    "@dprint/win32-arm64": ["@dprint/win32-arm64@0.55.1", "", { "os": "win32", "cpu": "arm64" }, "sha512-9jiZWZ2AkaaXIkaOpOoiP6v0XxuBFp1Hyi3kUMUAY4NVCmvlSEDQhr+UZgnDhozYygDbAV13iNMLERDeoUa0nA=="],

    "@dprint/win32-x64": ["@dprint/win32-x64@0.55.1", "", { "os": "win32", "cpu": "x64" }, "sha512-+RmeJL8zzlEWTcrvyFN51rz0S98tV43Socs7xeVGE2S/EH5dG2fG2/fBe6RB3kuyZSfGqByApYeicIdshYIAgw=="],

    "@emnapi/core": ["@emnapi/core@1.11.1", "", { "dependencies": { "@emnapi/wasi-threads": "1.2.2", "tslib": "^2.4.0" } }, "sha512-RSvbQmHzdKzNsLYa/wHrbc3KN4sYLKAdPZxqiM2HATqv/SBk2/ENSHpvXGaLOMcsAyz0poEGqkmmKYG3OWiJEQ=="],

    "@emnapi/runtime": ["@emnapi/runtime@1.11.1", "", { "dependencies": { "tslib": "^2.4.0" } }, "sha512-vgj7R3y3Wgx24IQaGPA/R6YFXLHVMOZ0uVEyIQPaWs+rd1AzfEMXlAC22FYwO1XkKR6NPsq7mUandH8oIRdZFw=="],

    "@emnapi/wasi-threads": ["@emnapi/wasi-threads@1.2.2", "", { "dependencies": { "tslib": "^2.4.0" } }, "sha512-c95qOXkHdydNKhscBTebqEC1CVAZpyqOfVfBzQ1qgzyl3gfeldUjIggDbIZgDKsHLgnsM+igH7TJ/eAasaVuMA=="],

    "@img/colour": ["@img/colour@1.1.0", "", {}, "sha512-Td76q7j57o/tLVdgS746cYARfSyxk8iEfRxewL9h4OMzYhbW4TAcppl0mT4eyqXddh6L/jwoM75mo7ixa/pCeQ=="],

    "@img/sharp-darwin-arm64": ["@img/sharp-darwin-arm64@0.35.2", "", { "optionalDependencies": { "@img/sharp-libvips-darwin-arm64": "1.3.1" }, "os": "darwin", "cpu": "arm64" }, "sha512-eEieHsMksAW4IiO5NzauESRl2D2qz3J/kwUxUrSfV06A93eEaRfMpHXyUb1mAqrR7i8U9A0GRqE9pjn6u1Jjpg=="],

    "@img/sharp-darwin-x64": ["@img/sharp-darwin-x64@0.35.2", "", { "optionalDependencies": { "@img/sharp-libvips-darwin-x64": "1.3.1" }, "os": "darwin", "cpu": "x64" }, "sha512-BaktuGPCeHJMARpodR8jK4uKiZrPAy9WrfQW0sdI37clracq8Bp01AYS3SZgi5FS/y5twa9t4+LIuuxQjqRrWw=="],

    "@img/sharp-freebsd-wasm32": ["@img/sharp-freebsd-wasm32@0.35.2", "", { "dependencies": { "@img/sharp-wasm32": "0.35.2" }, "os": "freebsd" }, "sha512-YoAxdnd8hPUkvLHd3bWY+YA8nw3xM/RyRopYucNsWHVSan8NLVM3X2volsfoRDcXdUJPg6tXahSd7HXPK7lRnw=="],

    "@img/sharp-libvips-darwin-arm64": ["@img/sharp-libvips-darwin-arm64@1.3.1", "", { "os": "darwin", "cpu": "arm64" }, "sha512-4V/M3roRMTYjiwZY9IOVQOE8OyeCxFAkYmyZDrZl51uOKjibm3oeEJ4WAmLxutAfzFbC9jqUiPs2gbnGflH+7g=="],

    "@img/sharp-libvips-darwin-x64": ["@img/sharp-libvips-darwin-x64@1.3.1", "", { "os": "darwin", "cpu": "x64" }, "sha512-c0/DxItpJv2+dGhgycJBBgotdqruGYDvA79drdh0MD1dFpy7JzJ/PlXwi1H4rFf0eTy8tgbI91aHDnZIceY3jQ=="],

    "@img/sharp-libvips-linux-arm": ["@img/sharp-libvips-linux-arm@1.3.1", "", { "os": "linux", "cpu": "arm" }, "sha512-aGGy9aWzXgHBG7HNyQPWorZthlp7+x6fDRoPAQbGO3ThcttuTyKIx3NuSHb6zb4gBNq6/yNn9f1cy9nFKS/Vmg=="],

    "@img/sharp-libvips-linux-arm64": ["@img/sharp-libvips-linux-arm64@1.3.1", "", { "os": "linux", "cpu": "arm64" }, "sha512-JznefmcK9j1JKPz8AkQDh89kjojubyfOasWBPKfzMIhPwsgDy9evpE/naJTXXXmghS1iFwR8u/kTwh/I2/+GCw=="],

    "@img/sharp-libvips-linux-ppc64": ["@img/sharp-libvips-linux-ppc64@1.3.1", "", { "os": "linux", "cpu": "ppc64" }, "sha512-1EkwGNCZk6iWNCMWqrvdJ+r1j0PT1zIz60CNPhYnJlK/zyeWqlsPZIe+ocBVqPF8k/Ssee/NCk+tE9Ryrko6ng=="],

    "@img/sharp-libvips-linux-riscv64": ["@img/sharp-libvips-linux-riscv64@1.3.1", "", { "os": "linux", "cpu": "none" }, "sha512-Ilays+w2bXdnxzxtQdmXR62u8o8GYa3eL4+Gr+1KiE4xperMZUslRaVPJwwPkzlHEjGfXAfRVAa/7CYCtSqsBw=="],

    "@img/sharp-libvips-linux-s390x": ["@img/sharp-libvips-linux-s390x@1.3.1", "", { "os": "linux", "cpu": "s390x" }, "sha512-VfBwVHQTbRoj4XlpA/KLZ7ltgMpz+4WSejFzQ+GnoImjo1PtEJ59QB2qR1xQEeRPYIkNrPIm2L4cICMvz4C2ew=="],

    "@img/sharp-libvips-linux-x64": ["@img/sharp-libvips-linux-x64@1.3.1", "", { "os": "linux", "cpu": "x64" }, "sha512-+c8ukgwU62DS54nCAjw7keOfHUkmr0B5QHEdcOqRnodF/MNXJbVI8Eopoj4B/0H8Asr65I+A4Amrn7a85/md6A=="],

    "@img/sharp-libvips-linuxmusl-arm64": ["@img/sharp-libvips-linuxmusl-arm64@1.3.1", "", { "os": "linux", "cpu": "arm64" }, "sha512-qlKb/pwbkAi1WMsJrYHk7CuDrd12s27U2QnRhFYUoJNrRCmkosMTttuRFat/DDB3IlDm5qE1TJgZ4JDnHX8Ldw=="],

    "@img/sharp-libvips-linuxmusl-x64": ["@img/sharp-libvips-linuxmusl-x64@1.3.1", "", { "os": "linux", "cpu": "x64" }, "sha512-yO21HwoUVLN8Qa+/SBjQLMYwBWAVJjeGPNe+hc0OUeMeifEtJqu5a1c4HayE1nNpDih9y3/KkoltfkDodmKAlg=="],

    "@img/sharp-linux-arm": ["@img/sharp-linux-arm@0.35.2", "", { "optionalDependencies": { "@img/sharp-libvips-linux-arm": "1.3.1" }, "os": "linux", "cpu": "arm" }, "sha512-SE4kzF2mepn6z+6E7L6lsV8FzuLL6IPQdyX8ZiwROAG/G8td+hP/m7FsFPwidtrF19gvajuC9l6TxAVcsA4S7A=="],

    "@img/sharp-linux-arm64": ["@img/sharp-linux-arm64@0.35.2", "", { "optionalDependencies": { "@img/sharp-libvips-linux-arm64": "1.3.1" }, "os": "linux", "cpu": "arm64" }, "sha512-af12Pnd0ZGu2HfP8NayB0kk6eC/lrfbQE6HlR4jD+34wdJ1Vw9TF6TMn6ZvffT+WgqVsl0hRbmNvz2u/23VmwA=="],

    "@img/sharp-linux-ppc64": ["@img/sharp-linux-ppc64@0.35.2", "", { "optionalDependencies": { "@img/sharp-libvips-linux-ppc64": "1.3.1" }, "os": "linux", "cpu": "ppc64" }, "sha512-hYSBm7zcNtDCozCxQHYZJiu63b/bXsgRZuOxCIBZsStMM9Vap47iFHdbX4kCvQsblPB/k+clhELpdQJHQLSHvg=="],

    "@img/sharp-linux-riscv64": ["@img/sharp-linux-riscv64@0.35.2", "", { "optionalDependencies": { "@img/sharp-libvips-linux-riscv64": "1.3.1" }, "os": "linux", "cpu": "none" }, "sha512-qQt0Kc13+Hoan/Awq/qMSQw3L+RI1NCRPgD5cUJ/1WSSmIoysLOc72jlRM3E0OHN9Yr313jgeQ2T+zW+F03QFA=="],

    "@img/sharp-linux-s390x": ["@img/sharp-linux-s390x@0.35.2", "", { "optionalDependencies": { "@img/sharp-libvips-linux-s390x": "1.3.1" }, "os": "linux", "cpu": "s390x" }, "sha512-E4fLLfRPzDLlEeDaTzI98OFLcv++WL5ChLLMwPoVd0CIoZQqupBSNbOisPL5am9XsbQ9T84+iiMpUvbFtkunbA=="],

    "@img/sharp-linux-x64": ["@img/sharp-linux-x64@0.35.2", "", { "optionalDependencies": { "@img/sharp-libvips-linux-x64": "1.3.1" }, "os": "linux", "cpu": "x64" }, "sha512-gi0zFJJRLswfCZmHtJdikXPOc5u7qamSOS3NHedLqLd4W8Q0NqjdBr6TTRIgsfFjqfTsHFgdfvJ9LwqSgcHiAA=="],

    "@img/sharp-linuxmusl-arm64": ["@img/sharp-linuxmusl-arm64@0.35.2", "", { "optionalDependencies": { "@img/sharp-libvips-linuxmusl-arm64": "1.3.1" }, "os": "linux", "cpu": "arm64" }, "sha512-siWbOW1u6HFnFLrp0waKyW7VEf7jYvcDWdrXEFa8AkdAQgEvuu5Fz8/Y70w9EeqAdwDtfU012BhEHHaDqvQNzg=="],

    "@img/sharp-linuxmusl-x64": ["@img/sharp-linuxmusl-x64@0.35.2", "", { "optionalDependencies": { "@img/sharp-libvips-linuxmusl-x64": "1.3.1" }, "os": "linux", "cpu": "x64" }, "sha512-YBqMMcjDi4QGYiSn4vNOYBhmlC4z5AXqkOUUqI2e0AFA4urNv4ESgOgwNl3K+4etQhha0twXlzeF20bbULm9Yg=="],

    "@img/sharp-wasm32": ["@img/sharp-wasm32@0.35.2", "", { "dependencies": { "@emnapi/runtime": "^1.11.1" } }, "sha512-Mrv4JQNYVQ94xH+jzZ9r+gowleN8mv2FTgKT+PI6bx5C0G8TdNYndu161pg2i7uoBwxy2ImPMHrJOM2LZef7Bw=="],

    "@img/sharp-webcontainers-wasm32": ["@img/sharp-webcontainers-wasm32@0.35.2", "", { "dependencies": { "@img/sharp-wasm32": "0.35.2" }, "cpu": "none" }, "sha512-QNV27pxs9wpApEiCfvHM1RDoP1w1+2KrUWWDPEhEwg+latvOrfuhWrHWZKwdSFwU6jh3myjw/yOCRsUIuOft3g=="],

    "@img/sharp-win32-arm64": ["@img/sharp-win32-arm64@0.35.2", "", { "os": "win32", "cpu": "arm64" }, "sha512-BiVRYc/t6/Vl3e1hBx0hugG4oN9Pydf4fgMSpxTQJmwGUg/YoXTWHiFeRymHfCZzifxu4F4rpk/I67D0LQ20wQ=="],

    "@img/sharp-win32-ia32": ["@img/sharp-win32-ia32@0.35.2", "", { "os": "win32", "cpu": "ia32" }, "sha512-YYEhx9PImCC7T0tI8JDMi4DB9LwLCXCU5OWNYEXAxh5Q1ShKkyC6byxzoBJ3gEFDnH2lQckWuDe70G7mB2XJog=="],

    "@img/sharp-win32-x64": ["@img/sharp-win32-x64@0.35.2", "", { "os": "win32", "cpu": "x64" }, "sha512-imoOyBcoM/iiUr4J6VPpCNjPnjvP/Gks95898yB8YqoGGYmHYbOyCuNv9FMhFgtaiHFGbHW8bxKqRV6VjtXThQ=="],

    "@jridgewell/gen-mapping": ["@jridgewell/gen-mapping@0.3.13", "", { "dependencies": { "@jridgewell/sourcemap-codec": "^1.5.0", "@jridgewell/trace-mapping": "^0.3.24" } }, "sha512-2kkt/7niJ6MgEPxF0bYdQ6etZaA+fQvDcLKckhy1yIQOzaoKjBBjSj63/aLVjYE3qhRt5dvM+uUyfCg6UKCBbA=="],

    "@jridgewell/remapping": ["@jridgewell/remapping@2.3.5", "", { "dependencies": { "@jridgewell/gen-mapping": "^0.3.5", "@jridgewell/trace-mapping": "^0.3.24" } }, "sha512-LI9u/+laYG4Ds1TDKSJW2YPrIlcVYOwi2fUC6xB43lueCjgxV4lffOCZCtYFiH6TNOX+tQKXx97T4IKHbhyHEQ=="],

    "@jridgewell/resolve-uri": ["@jridgewell/resolve-uri@3.1.2", "", {}, "sha512-bRISgCIjP20/tbWSPWMEi54QVPRZExkuD9lJL+UIxUKtwVJA8wW1Trb1jMs1RFXo1CBTNZ/5hpC9QvmKWdopKw=="],

    "@jridgewell/sourcemap-codec": ["@jridgewell/sourcemap-codec@1.5.5", "", {}, "sha512-cYQ9310grqxueWbl+WuIUIaiUaDcj7WOq5fVhEljNVgRfOUhY9fy2zTvfoqWsnebh8Sl70VScFbICvJnLKB0Og=="],

    "@jridgewell/trace-mapping": ["@jridgewell/trace-mapping@0.3.31", "", { "dependencies": { "@jridgewell/resolve-uri": "^3.1.0", "@jridgewell/sourcemap-codec": "^1.4.14" } }, "sha512-zzNR+SdQSDJzc8joaeP8QQoCQr8NuYx2dIIytl1QeBEZHJ9uW6hebsrYgbz8hJwUQao3TWCMtmfV8Nu1twOLAw=="],

    "@kjanat/dreamcli": ["@kjanat/dreamcli@2.5.0", "", {}, "sha512-fJrGDlvZGVcqELYkRH1wjlz++NVUFFyLKaYwsfXk9TlI6o96lhuUsu1soPfiIl1ysQQ0vmAq0Unt2aWyQMMhdQ=="],

    "@loaderkit/resolve": ["@loaderkit/resolve@1.0.6", "", { "dependencies": { "@braidai/lang": "^1.0.0" } }, "sha512-G8FdIoF5CypfwmD9rl8BXod5HDn8JqB0CCNBXDTaRZ+yRYhARrrSToX1zg1zy9jX3zLqigsELwhT4gNtkdQAUg=="],

    "@napi-rs/wasm-runtime": ["@napi-rs/wasm-runtime@1.1.5", "", { "dependencies": { "@tybys/wasm-util": "^0.10.2" }, "peerDependencies": { "@emnapi/core": "^1.7.1", "@emnapi/runtime": "^1.7.1" } }, "sha512-AWPoBRJ9tsnVhor4sjO7rkni+7p+2IAEFj6cx06UgP10jkQHqay/36uRV/bFkgrh18D9vb4cr8Q0Pthskgzy+Q=="],

    "@oxc-project/types": ["@oxc-project/types@0.137.0", "", {}, "sha512-WT+Gb24i8hmvo85AIv2oEYouEXkRlKAlT9WaCa3TfLgNCN+GhrJOGZuIlMouAh38Qe4QOx26eUOVsq70qXrywA=="],

    "@publint/pack": ["@publint/pack@0.1.5", "", { "dependencies": { "tinyexec": "^1.2.4" } }, "sha512-edgyN2pP07uXiP4tJs0s8KVmU8M8i60YPbbI0/WDeok1mIJHRXz+CgD8I0nelwDkoCh3EWL/G5kGfbuHjsdbvw=="],

    "@quansync/fs": ["@quansync/fs@1.0.0", "", { "dependencies": { "quansync": "^1.0.0" } }, "sha512-4TJ3DFtlf1L5LDMaM6CanJ/0lckGNtJcMjQ1NAV6zDmA0tEHKZtxNKin8EgPaVX1YzljbxckyT2tJrpQKAtngQ=="],

    "@rolldown/binding-android-arm64": ["@rolldown/binding-android-arm64@1.1.2", "", { "os": "android", "cpu": "arm64" }, "sha512-2cZ+7xRS+DBcuJBJKnfzsbleumJhBqSlJVpuzHC0nTqfd3QQ7Vx2/x5YR/D7cBamKSeWplwo82Fn9lqYUDEMfA=="],

    "@rolldown/binding-darwin-arm64": ["@rolldown/binding-darwin-arm64@1.1.2", "", { "os": "darwin", "cpu": "arm64" }, "sha512-RkPMJnygxsgOYdkfqgpwY0/Fzm8d0VQe6HGU2/B00Xa9eqdLbrII+DOKAodbJAn3ZL1AJxGHkZRPYazgGY6Ljw=="],

    "@rolldown/binding-darwin-x64": ["@rolldown/binding-darwin-x64@1.1.2", "", { "os": "darwin", "cpu": "x64" }, "sha512-Uiczh6vFhwyfd7WNe7Q7mCA4KxAiLdz7jPE/WGizfRpIieoyFuNVMmM8HqZ9HwudTkY6/AeMQwlNJ9NJijguWw=="],

    "@rolldown/binding-freebsd-x64": ["@rolldown/binding-freebsd-x64@1.1.2", "", { "os": "freebsd", "cpu": "x64" }, "sha512-+TpdtTRgHiJFjCVFbw311SuLk3KfytPOQQn+VlAEv+gBxYPtL7E6JS9e/tk+8CwxhIZvemJKo4rTKgfWNsKkkA=="],

    "@rolldown/binding-linux-arm-gnueabihf": ["@rolldown/binding-linux-arm-gnueabihf@1.1.2", "", { "os": "linux", "cpu": "arm" }, "sha512-4lv1/tkmi7ueIVHnyreaOeUpiZP26BH9rRy6hoYfR9310A2B9nUEVRDvBx69vx64Nr3eTPPRkyciqJJs+j9Jmw=="],

    "@rolldown/binding-linux-arm64-gnu": ["@rolldown/binding-linux-arm64-gnu@1.1.2", "", { "os": "linux", "cpu": "arm64" }, "sha512-gBSUVO0eaWgw1JMjK3gB8BMlX2Mk148s2lTiVT3e9vjVxbl7UDfMWWY8CfIaaqiXuM9fVTMxIpUz6CAo/B6Vlw=="],

    "@rolldown/binding-linux-arm64-musl": ["@rolldown/binding-linux-arm64-musl@1.1.2", "", { "os": "linux", "cpu": "arm64" }, "sha512-LjQP/iZLBu8o8PjIfk4x3At0/mT6h282pvz8Z5LAyhGbu/kDezyO7ea62rF5uoqmgnIYqbN/MqJ3Si3Aymi7xQ=="],

    "@rolldown/binding-linux-ppc64-gnu": ["@rolldown/binding-linux-ppc64-gnu@1.1.2", "", { "os": "linux", "cpu": "ppc64" }, "sha512-X/7bVLWelEsbyWDUSXt7zVsTniLLPIY2n1rH58qr78l9i7MNbbxBWD8gI2vRfBWf4NUXJCUuQnfZDsp32LqsfQ=="],

    "@rolldown/binding-linux-s390x-gnu": ["@rolldown/binding-linux-s390x-gnu@1.1.2", "", { "os": "linux", "cpu": "s390x" }, "sha512-gb6dYKW/1KDorGXyy48glEBJs/sxVSC5pcVrox/pFGV4mvwSFeg2sK5L2tRkVsVlh7kueqOgg4GEcuipJcGuKg=="],

    "@rolldown/binding-linux-x64-gnu": ["@rolldown/binding-linux-x64-gnu@1.1.2", "", { "os": "linux", "cpu": "x64" }, "sha512-JY4w85pU3iAiJVMh5nuk4/Mh9GjMsupe8MrIN53rwxAZW64GKrWeJBuN6SxQg9QTU5uB1cxyhDzW8jqRn1EABw=="],

    "@rolldown/binding-linux-x64-musl": ["@rolldown/binding-linux-x64-musl@1.1.2", "", { "os": "linux", "cpu": "x64" }, "sha512-xvpA7o5KCYLB0Rwscmuylb1/zHHSUx4g4xilm4prC5jP76pEUlzBmMbgpbh7bVDbId4NcfT96gN5i6mE6UDaiw=="],

    "@rolldown/binding-openharmony-arm64": ["@rolldown/binding-openharmony-arm64@1.1.2", "", { "os": "none", "cpu": "arm64" }, "sha512-p/ts6KBLjuk49Bp21XH77poQGt02iNz7ChgHep7tudPOaLinR/De/RHdxF8w8Yj4r/bF/bqXwH6PZrB2sA+Nvw=="],

    "@rolldown/binding-wasm32-wasi": ["@rolldown/binding-wasm32-wasi@1.1.2", "", { "dependencies": { "@emnapi/core": "1.11.1", "@emnapi/runtime": "1.11.1", "@napi-rs/wasm-runtime": "^1.1.5" }, "cpu": "none" }, "sha512-VMu/wmrZ9hJzYlRhbw7jK5PODlugyKZ5mOdX78+lS8OvuFkWNQdz1pFLrI2p3P0pjXOmUZ7B48o5VnMH9QOGtg=="],

    "@rolldown/binding-win32-arm64-msvc": ["@rolldown/binding-win32-arm64-msvc@1.1.2", "", { "os": "win32", "cpu": "arm64" }, "sha512-xtUJqs8qEkuSviS0n1tsohaPuz3a1SPhZywOji4Oo+sgrJs8daEDMZ0QtqL0OS7dx8PoVpg2J/ZZycPY5I2+Zg=="],

    "@rolldown/binding-win32-x64-msvc": ["@rolldown/binding-win32-x64-msvc@1.1.2", "", { "os": "win32", "cpu": "x64" }, "sha512-85YiLQqjUKgSO/Zjnf9e0XIn5Ymrh1fLDWBeAkZqpuBR/3R8TpfoHXuyblqyQrftSSgWO9qpcHN8mkyKsLraoA=="],

    "@rolldown/pluginutils": ["@rolldown/pluginutils@1.0.1", "", {}, "sha512-2j9bGt5Jh8hj+vPtgzPtl72j0yRxHAyumoo6TNfAjsLB04UtpSvPbPcDcBMxz7n+9CYB0c1GxQFxYRg2jimqGw=="],

    "@runner-run/darwin-arm64": ["@runner-run/darwin-arm64@0.15.0", "", { "os": "darwin", "cpu": "arm64", "bin": { "runner": "bin/runner", "run": "bin/run" } }, "sha512-BieaBtYtyBPdhpn2n2R9EoCgfxsqkCzdboeYE0V+yciY5x3TMlEBGAqRXvul+869y10QBWs4WNYIHYc1L6SbVg=="],

    "@runner-run/darwin-x64": ["@runner-run/darwin-x64@0.15.0", "", { "os": "darwin", "cpu": "x64", "bin": { "runner": "bin/runner", "run": "bin/run" } }, "sha512-xgC27QcCa02NSaX7M0yDnzRX5bkxcWH24aOJligPs8Lqrkxz/Cd3zCh6F7qeHtexctdJa8OtOLPtAMZu+JBmpw=="],

    "@runner-run/freebsd-arm64": ["@runner-run/freebsd-arm64@0.15.0", "", { "os": "freebsd", "cpu": "arm64", "bin": { "runner": "bin/runner", "run": "bin/run" } }, "sha512-m4qUGx3vDqKh9XrH01kqj00QtXkJ3D1juSHcp19M5AVL4O+46uO8n+9rNv3WCb9RY0/L31oenbFONbHpuyNeig=="],

    "@runner-run/freebsd-x64": ["@runner-run/freebsd-x64@0.15.0", "", { "os": "freebsd", "cpu": "x64", "bin": { "runner": "bin/runner", "run": "bin/run" } }, "sha512-Ls9NcwcXX/rTyzqK3dhWLqpKH0K5TtG9SDz5ZRe3jm8KpqzXryVY/6aSciAsXR5ZOQgryQmLbnZoX13oDDXLxA=="],

    "@runner-run/linux-arm64-gnu": ["@runner-run/linux-arm64-gnu@0.15.0", "", { "os": "linux", "cpu": "arm64", "bin": { "runner": "bin/runner", "run": "bin/run" } }, "sha512-JBTFMW+25WaB29HsF2YgS9Y0wwwE+knYkp3xY2MskbWOqILUcBx+g/a6Y0ECxAUxRqv4kD/g9Nl3+L03yuIJqg=="],

    "@runner-run/linux-arm64-musl": ["@runner-run/linux-arm64-musl@0.15.0", "", { "os": "linux", "cpu": "arm64", "bin": { "runner": "bin/runner", "run": "bin/run" } }, "sha512-pFHboNKGJisteiywsWlyLj1p6srFx9Qa3nm9Jd3YaqPC8yJsTnCQBRLkd/n2fdP7iTGeH2OIIx0Bgw+OMwhVFg=="],

    "@runner-run/linux-armv7-gnueabihf": ["@runner-run/linux-armv7-gnueabihf@0.15.0", "", { "os": "linux", "cpu": "arm", "bin": { "runner": "bin/runner", "run": "bin/run" } }, "sha512-a1zH6axmpWVmsMh5tjPSTpB0w4rSWOHKpxJQlK0K0TeBKuFrdv9Fq9HZm5w97NOs9nAk7/TqkXP39NCi6YXdUw=="],

    "@runner-run/linux-x64-gnu": ["@runner-run/linux-x64-gnu@0.15.0", "", { "os": "linux", "cpu": "x64", "bin": { "runner": "bin/runner", "run": "bin/run" } }, "sha512-TmsI130+aQEr5jMEVorzyh7ySjLaS418CbIpWDbzS8P974f3NL90diEAPruWcK9t8KySuLtvrkSHZkQ1k/85Vg=="],

    "@runner-run/linux-x64-musl": ["@runner-run/linux-x64-musl@0.15.0", "", { "os": "linux", "cpu": "x64", "bin": { "runner": "bin/runner", "run": "bin/run" } }, "sha512-aQvokd6Mkc+wIsBIK6uW+l7UKfRyODJAqEFuVVobCCt20g2zeT2HGNH2cm/0k9mRUjxMIxKs+eIY/GU/p6g8Tg=="],

    "@runner-run/netbsd-x64": ["@runner-run/netbsd-x64@0.15.0", "", { "os": "none", "cpu": "x64", "bin": { "runner": "bin/runner", "run": "bin/run" } }, "sha512-6nF1ZQHRziPGxRNlJfMcDgIB68BY+HLk5Co3R/DkMTZ1q04IyhEXzg7hy+y52gOtkQ9Xl6iMScXZZJLRvWL5cw=="],

    "@runner-run/win32-arm64-msvc": ["@runner-run/win32-arm64-msvc@0.15.0", "", { "os": "win32", "cpu": "arm64", "bin": { "runner.exe": "bin/runner.exe", "run.exe": "bin/run.exe" } }, "sha512-qZvjOwituxsUL5LUVLOzf35m7Qj39H7uUz/ZMaqs5XjlEn6alUwjkwlO/m/eFESNw5e83YtU3R3W0Jn8kGZ7KA=="],

    "@runner-run/win32-ia32-msvc": ["@runner-run/win32-ia32-msvc@0.15.0", "", { "os": "win32", "cpu": "ia32", "bin": { "runner.exe": "bin/runner.exe", "run.exe": "bin/run.exe" } }, "sha512-pqwxD9b+rl5DVA2R01d0RB1abjO7xcvAVQlDokVnMdqHgkg+6Ft3hjL6KS/jOyqy5vGi854ijjdpGW15bOfl1A=="],

    "@runner-run/win32-x64-msvc": ["@runner-run/win32-x64-msvc@0.15.0", "", { "os": "win32", "cpu": "x64", "bin": { "runner.exe": "bin/runner.exe", "run.exe": "bin/run.exe" } }, "sha512-RH3Tm2CT7YEXpv0oP5nmbVIwXWL8WSM3KQ2Tsh1WwHGEENEs5xPGGIePCOJbsFdTxDvSYOkFjmkiX/4bLG54YQ=="],

    "@tybys/wasm-util": ["@tybys/wasm-util@0.10.3", "", { "dependencies": { "tslib": "^2.4.0" } }, "sha512-F3fo1MYrRJYL3zER0OUOmkutjr1Vp23m7OsSgp7nq4SP6OqX6C/56XFIPAl5bt3zaBRjmW7SGz3u/6LwFpYcOg=="],

    "@types/bun": ["@types/bun@1.3.14", "", { "dependencies": { "bun-types": "1.3.14" } }, "sha512-h1hFqFVcvAvD9j9K7ZW7vd82aSA+rTdznZa+5bwvCwqSB1jmmfLcbIWhOLx1/+boy/xmjgCs/OMUL8hRJSmnPw=="],

    "@types/estree": ["@types/estree@1.0.9", "", {}, "sha512-GhdPgy1el4/ImP05X05Uw4cw2/M93BCUmnEvWZNStlCzEKME4Fkk+YpoA5OiHNQmoS7Cafb8Xa3Pya8m1Qrzeg=="],

    "@types/jsesc": ["@types/jsesc@2.5.1", "", {}, "sha512-9VN+6yxLOPLOav+7PwjZbxiID2bVaeq0ED4qSQmdQTdjnXJSaCVKTR58t15oqH1H5t8Ng2ZX1SabJVoN9Q34bw=="],

    "@types/node": ["@types/node@26.0.0", "", { "dependencies": { "undici-types": "~8.3.0" } }, "sha512-vf2YFi1iY9lHGwNJMs01biZFbKJkrZR1T6/MlzjhJLPdntOHLhTrDSnSVcdtvjihi4VQNlrFRIxLsDBlQpAipA=="],

    "@typescript/native-preview": ["@typescript/native-preview@7.0.0-dev.20260629.1", "", { "optionalDependencies": { "@typescript/native-preview-darwin-arm64": "7.0.0-dev.20260629.1", "@typescript/native-preview-darwin-x64": "7.0.0-dev.20260629.1", "@typescript/native-preview-linux-arm": "7.0.0-dev.20260629.1", "@typescript/native-preview-linux-arm64": "7.0.0-dev.20260629.1", "@typescript/native-preview-linux-x64": "7.0.0-dev.20260629.1", "@typescript/native-preview-win32-arm64": "7.0.0-dev.20260629.1", "@typescript/native-preview-win32-x64": "7.0.0-dev.20260629.1" }, "bin": { "tsgo": "bin/tsgo" } }, "sha512-KImWFkxGUa/V78bUEAgzeJQT+6wKQXDDYHHrOavof8wnbMCpj86KuPNyBIPQMtoHiz2If8aNTums2m50oE3oqw=="],

    "@typescript/native-preview-darwin-arm64": ["@typescript/native-preview-darwin-arm64@7.0.0-dev.20260629.1", "", { "os": "darwin", "cpu": "arm64" }, "sha512-wXRExZJweYoTzE4atRR7T5HwKJYkl6/KHxON0eF0iy2fvgLXDlyq4AQqhmV8mMx10PQKc/4sNbfhD4kjWWvm8A=="],

    "@typescript/native-preview-darwin-x64": ["@typescript/native-preview-darwin-x64@7.0.0-dev.20260629.1", "", { "os": "darwin", "cpu": "x64" }, "sha512-xkL/tETzUuDxfRkk2rD0/CjjjGLyOLHeE103T52rpgj0VNSXMnn7tTiw+TSdxnS61b8ImOrWgQJujhPFTp0jng=="],

    "@typescript/native-preview-linux-arm": ["@typescript/native-preview-linux-arm@7.0.0-dev.20260629.1", "", { "os": "linux", "cpu": "arm" }, "sha512-QlTxO+O6yELc0NYZZYIbncZhkhw+K/vBoVg+mKipbEIK5b1E6cwW7ivWIrDp1FfssQ0Wu7zxincPappoci7KNw=="],

    "@typescript/native-preview-linux-arm64": ["@typescript/native-preview-linux-arm64@7.0.0-dev.20260629.1", "", { "os": "linux", "cpu": "arm64" }, "sha512-y4ey82krq4iLNHML4G1dUObBWY6gNAjVqaUHFDv7+LBu5bfAJy8VClBaLtAJce3siQQeB0/4SkN4XsAa0oZktQ=="],

    "@typescript/native-preview-linux-x64": ["@typescript/native-preview-linux-x64@7.0.0-dev.20260629.1", "", { "os": "linux", "cpu": "x64" }, "sha512-ckb4HyugC5beDpOMPOVpEx1H3l2Z2RgsGPxFOLGMU6LLIHQwlCaSdRjSfH8Hq8yffPgKuotTQLdA89cP1IC8xQ=="],

    "@typescript/native-preview-win32-arm64": ["@typescript/native-preview-win32-arm64@7.0.0-dev.20260629.1", "", { "os": "win32", "cpu": "arm64" }, "sha512-Ktgepu9p0blqrbiryzYrw11ddnbESXPdeGKURDG/wXESoHQETsMNxKWhqAo587ItNnWjKOBFxoEM22eP9OzKnw=="],

    "@typescript/native-preview-win32-x64": ["@typescript/native-preview-win32-x64@7.0.0-dev.20260629.1", "", { "os": "win32", "cpu": "x64" }, "sha512-b2wmeIpFJs/peej3NG26320ya+iYQz21JzFYDrnvtsEeR/g66rB9uvp4Owo4J1AG/BcmRWC/nuwrBy3Jdb+UDA=="],

    "ansis": ["ansis@4.3.1", "", {}, "sha512-BJ8/l4R5LRE7hW9WdSuGYrLSHi2ynxeFpDFbH0K/CgNeY/tyhk+vO6TYxXC5r5CpUhNVX310xzPsN/H9lCdfOA=="],

    "ast-kit": ["ast-kit@3.0.0", "", { "dependencies": { "@babel/parser": "^8.0.0", "estree-walker": "^3.0.3", "pathe": "^2.0.3" } }, "sha512-8OG92q3R35qjC/4i6BLBMg8IB+fClWu/1PEwg2Z9Rn+BuNaiEgJzpzn+pxWOdHJWDCAwu2JP0wCDTozAM4QirQ=="],

    "birpc": ["birpc@4.0.0", "", {}, "sha512-LShSxJP0KTmd101b6DRyGBj57LZxSDYWKitQNW/mi8GRMvZb078Uf9+pveax1DrVL89vm7mWe+TovdI/UDOuPw=="],

    "bun-types": ["bun-types@1.3.14", "", { "dependencies": { "@types/node": "*" } }, "sha512-4N0ig0fEomHt5R0KCFWjovxow98rIoRwKolrYdCcknNwMekCXRnWEUvgu5soYV8QXtVsrUD8B95MBOZGPvr6KQ=="],

    "cac": ["cac@7.0.0", "", {}, "sha512-tixWYgm5ZoOD+3g6UTea91eow5z6AAHaho3g0V9CNSNb45gM8SmflpAc+GRd1InC4AqN/07Unrgp56Y94N9hJQ=="],

    "cjs-module-lexer": ["cjs-module-lexer@1.4.3", "", {}, "sha512-9z8TZaGM1pfswYeXrUpzPrkx8UnWYdhJclsiYMm6x/w5+nN+8Tf/LnAgfLGQCm59qAOxU8WwHEq2vNwF6i4j+Q=="],

    "defu": ["defu@6.1.7", "", {}, "sha512-7z22QmUWiQ/2d0KkdYmANbRUVABpZ9SNYyH5vx6PZ+nE5bcC0l7uFvEfHlyld/HcGBFTL536ClDt3DEcSlEJAQ=="],

    "detect-libc": ["detect-libc@2.1.2", "", {}, "sha512-Btj2BOOO83o3WyH59e8MgXsxEQVcarkUOpEYrubB0urwnN10yQ364rsiByU11nZlqWYZm05i/of7io4mzihBtQ=="],

    "dprint": ["dprint@0.55.1", "", { "optionalDependencies": { "@dprint/android-arm64": "0.55.1", "@dprint/android-x64": "0.55.1", "@dprint/darwin-arm64": "0.55.1", "@dprint/darwin-x64": "0.55.1", "@dprint/linux-arm64-glibc": "0.55.1", "@dprint/linux-arm64-musl": "0.55.1", "@dprint/linux-loong64-glibc": "0.55.1", "@dprint/linux-loong64-musl": "0.55.1", "@dprint/linux-ppc64-glibc": "0.55.1", "@dprint/linux-ppc64-musl": "0.55.1", "@dprint/linux-riscv64-glibc": "0.55.1", "@dprint/linux-x64-glibc": "0.55.1", "@dprint/linux-x64-musl": "0.55.1", "@dprint/win32-arm64": "0.55.1", "@dprint/win32-x64": "0.55.1" }, "bin": { "dprint": "bin.cjs" } }, "sha512-tgUCT9gAM7veMvLX5NmRoYVLnKGKrIYRXpNpJDJj5U7/YIIJef5rLJhPZaJXwB7ad2Vo0Kv//nQM1xkrn5j8kQ=="],

    "dts-resolver": ["dts-resolver@3.0.0", "", { "peerDependencies": { "oxc-resolver": ">=11.0.0" }, "optionalPeers": ["oxc-resolver"] }, "sha512-1T1f+z+4tl9XD+m+0HBgWoL/nm0bOIffyWaUuUSBlFg/86IWvfx+wjNaO/ybU0AJzG9/Mi5hBUgGV6zCmWEN7Q=="],

    "empathic": ["empathic@2.0.1", "", {}, "sha512-YGRs8knHhKHVShLkFET/rWAU8kmHbOV5LwN938RHI0pljAJ1Gf6SzXsSmRaEzcXTtOOmVqJ5+WtQPL5uigY50Q=="],

    "escape-string-regexp": ["escape-string-regexp@5.0.0", "", {}, "sha512-/veY75JbMK4j1yjvuUxuVsiS/hr/4iHs9FTT6cgTexxdE0Ly/glccBAkloH/DofkjRbZU3bnoj38mOmhkZ0lHw=="],

    "estree-walker": ["estree-walker@3.0.3", "", { "dependencies": { "@types/estree": "^1.0.0" } }, "sha512-7RUKfXgSMMkzt6ZuXmqapOurLGPPfgj6l9uRZ7lRGolvk0y2yocc35LdcxKC5PQZdn2DMqioAQ2NoWcrTKmm6g=="],

    "fdir": ["fdir@6.5.0", "", { "peerDependencies": { "picomatch": "^3 || ^4" }, "optionalPeers": ["picomatch"] }, "sha512-tIbYtZbucOs0BRGqPJkshJUYdL+SDH7dVM8gjy+ERp3WAUjLEFJE+02kanyHtwjWOnwrKYBiwAmM0p4kLJAnXg=="],

    "fflate": ["fflate@0.8.2", "", {}, "sha512-cPJU47OaAoCbg0pBvzsgpTPhmhqI5eJjh/JIu8tPj5q+T7iLvW/JAYUqmE7KOB4R1ZyEhzBaIQpQpardBF5z8A=="],

    "fsevents": ["fsevents@2.3.3", "", { "os": "darwin" }, "sha512-5xoDfX+fL7faATnagmWPpbFtwh/R77WmMMqqHGS65C3vvB0YHrgF+B1YmZ3441tMj5n63k0212XNoJwzlhffQw=="],

    "get-tsconfig": ["get-tsconfig@5.0.0-beta.5", "", { "dependencies": { "resolve-pkg-maps": "^1.0.0" } }, "sha512-/6gFNr0N04nob252sTQxyFLi3eKFRqIg1I87YcqAMT1i6SQrSF6KujUEQrtrjMV0H/eejTCltLdDSTEMzHbnsQ=="],

    "hookable": ["hookable@6.1.1", "", {}, "sha512-U9LYDy1CwhMCnprUfeAZWZGByVbhd54hwepegYTK7Pi5NvqEj63ifz5z+xukznehT7i6NIZRu89Ay1AZmRsLEQ=="],

    "import-without-cache": ["import-without-cache@0.4.0", "", {}, "sha512-NkJQA7oZ4YHQhd2+H3BoRFKF3d/XNsiKpHZCQEMH9pDX27hQQLsTyOocyRgaIVtf8gHX3Nt3LPkR4e5EdtPAGQ=="],

    "js-tokens": ["js-tokens@10.0.0", "", {}, "sha512-lM/UBzQmfJRo9ABXbPWemivdCW8V2G8FHaHdypQaIy523snUjog0W71ayWXTjiR+ixeMyVHN2XcpnTd/liPg/Q=="],

    "jsesc": ["jsesc@3.1.0", "", { "bin": { "jsesc": "bin/jsesc" } }, "sha512-/sM3dO2FOzXjKQhJuo0Q173wf2KOo8t4I8vHy6lF9poUp7bKT0/NHE8fPX23PwfhnykfqnC2xRxOnVw5XuGIaA=="],

    "lightningcss": ["lightningcss@1.32.0", "", { "dependencies": { "detect-libc": "^2.0.3" }, "optionalDependencies": { "lightningcss-android-arm64": "1.32.0", "lightningcss-darwin-arm64": "1.32.0", "lightningcss-darwin-x64": "1.32.0", "lightningcss-freebsd-x64": "1.32.0", "lightningcss-linux-arm-gnueabihf": "1.32.0", "lightningcss-linux-arm64-gnu": "1.32.0", "lightningcss-linux-arm64-musl": "1.32.0", "lightningcss-linux-x64-gnu": "1.32.0", "lightningcss-linux-x64-musl": "1.32.0", "lightningcss-win32-arm64-msvc": "1.32.0", "lightningcss-win32-x64-msvc": "1.32.0" } }, "sha512-NXYBzinNrblfraPGyrbPoD19C1h9lfI/1mzgWYvXUTe414Gz/X1FD2XBZSZM7rRTrMA8JL3OtAaGifrIKhQ5yQ=="],

    "lightningcss-android-arm64": ["lightningcss-android-arm64@1.32.0", "", { "os": "android", "cpu": "arm64" }, "sha512-YK7/ClTt4kAK0vo6w3X+Pnm0D2cf2vPHbhOXdoNti1Ga0al1P4TBZhwjATvjNwLEBCnKvjJc2jQgHXH0NEwlAg=="],

    "lightningcss-darwin-arm64": ["lightningcss-darwin-arm64@1.32.0", "", { "os": "darwin", "cpu": "arm64" }, "sha512-RzeG9Ju5bag2Bv1/lwlVJvBE3q6TtXskdZLLCyfg5pt+HLz9BqlICO7LZM7VHNTTn/5PRhHFBSjk5lc4cmscPQ=="],

    "lightningcss-darwin-x64": ["lightningcss-darwin-x64@1.32.0", "", { "os": "darwin", "cpu": "x64" }, "sha512-U+QsBp2m/s2wqpUYT/6wnlagdZbtZdndSmut/NJqlCcMLTWp5muCrID+K5UJ6jqD2BFshejCYXniPDbNh73V8w=="],

    "lightningcss-freebsd-x64": ["lightningcss-freebsd-x64@1.32.0", "", { "os": "freebsd", "cpu": "x64" }, "sha512-JCTigedEksZk3tHTTthnMdVfGf61Fky8Ji2E4YjUTEQX14xiy/lTzXnu1vwiZe3bYe0q+SpsSH/CTeDXK6WHig=="],

    "lightningcss-linux-arm-gnueabihf": ["lightningcss-linux-arm-gnueabihf@1.32.0", "", { "os": "linux", "cpu": "arm" }, "sha512-x6rnnpRa2GL0zQOkt6rts3YDPzduLpWvwAF6EMhXFVZXD4tPrBkEFqzGowzCsIWsPjqSK+tyNEODUBXeeVHSkw=="],

    "lightningcss-linux-arm64-gnu": ["lightningcss-linux-arm64-gnu@1.32.0", "", { "os": "linux", "cpu": "arm64" }, "sha512-0nnMyoyOLRJXfbMOilaSRcLH3Jw5z9HDNGfT/gwCPgaDjnx0i8w7vBzFLFR1f6CMLKF8gVbebmkUN3fa/kQJpQ=="],

    "lightningcss-linux-arm64-musl": ["lightningcss-linux-arm64-musl@1.32.0", "", { "os": "linux", "cpu": "arm64" }, "sha512-UpQkoenr4UJEzgVIYpI80lDFvRmPVg6oqboNHfoH4CQIfNA+HOrZ7Mo7KZP02dC6LjghPQJeBsvXhJod/wnIBg=="],

    "lightningcss-linux-x64-gnu": ["lightningcss-linux-x64-gnu@1.32.0", "", { "os": "linux", "cpu": "x64" }, "sha512-V7Qr52IhZmdKPVr+Vtw8o+WLsQJYCTd8loIfpDaMRWGUZfBOYEJeyJIkqGIDMZPwPx24pUMfwSxxI8phr/MbOA=="],

    "lightningcss-linux-x64-musl": ["lightningcss-linux-x64-musl@1.32.0", "", { "os": "linux", "cpu": "x64" }, "sha512-bYcLp+Vb0awsiXg/80uCRezCYHNg1/l3mt0gzHnWV9XP1W5sKa5/TCdGWaR/zBM2PeF/HbsQv/j2URNOiVuxWg=="],

    "lightningcss-win32-arm64-msvc": ["lightningcss-win32-arm64-msvc@1.32.0", "", { "os": "win32", "cpu": "arm64" }, "sha512-8SbC8BR40pS6baCM8sbtYDSwEVQd4JlFTOlaD3gWGHfThTcABnNDBda6eTZeqbofalIJhFx0qKzgHJmcPTnGdw=="],

    "lightningcss-win32-x64-msvc": ["lightningcss-win32-x64-msvc@1.32.0", "", { "os": "win32", "cpu": "x64" }, "sha512-Amq9B/SoZYdDi1kFrojnoqPLxYhQ4Wo5XiL8EVJrVsB8ARoC1PWW6VGtT0WKCemjy8aC+louJnjS7U18x3b06Q=="],

    "lru-cache": ["lru-cache@11.5.1", "", {}, "sha512-RPimw/7aMdv2oqRrxKwvZXcPfwBrn/JZ2xYcY9Hus/6LaS3VOAKVWKWgNLCFSiOm1ESXinjsDlidVU7JlnCN2A=="],

    "mri": ["mri@1.2.0", "", {}, "sha512-tzzskb3bG8LvYGFF/mDTpq3jpI6Q9wc3LEmBaghu+DdCssd1FakN7Bc0hVNmEyGq1bq3RgfkCb3cmQLpNPOroA=="],

    "nanoid": ["nanoid@3.3.15", "", { "bin": { "nanoid": "bin/nanoid.cjs" } }, "sha512-y7Wygv/7mEOvxTuEQDB8StXdMRBWf1kR/tlhAzBRUFkB2jfcLOAxO/SHmOO2zgz1pVgK29/kyupn059/bCHdjA=="],

    "obug": ["obug@2.1.3", "", {}, "sha512-9miFgM2OFba7hB+pRgvtV84pYTBaoTHohvmIgiRt6dRIzbwEOIaNaP+dIlGs2fNFoB0SeISs0Jz5WFVRid6Xyg=="],

    "package-manager-detector": ["package-manager-detector@1.6.0", "", {}, "sha512-61A5ThoTiDG/C8s8UMZwSorAGwMJ0ERVGj2OjoW5pAalsNOg15+iQiPzrLJ4jhZ1HJzmC2PIHT2oEiH3R5fzNA=="],

    "pathe": ["pathe@2.0.3", "", {}, "sha512-WUjGcAqP1gQacoQe+OBJsFA7Ld4DyXuUIjZ5cc75cLHvJ7dtNsTugphxIADwspS+AraAUePCKrSVtPLFj/F88w=="],

    "picocolors": ["picocolors@1.1.1", "", {}, "sha512-xceH2snhtb5M9liqDsmEw56le376mTZkEX/jEb/RxNFyegNul7eNslCXP9FDj/Lcu0X8KEyMceP2ntpaHrDEVA=="],

    "picomatch": ["picomatch@4.0.4", "", {}, "sha512-QP88BAKvMam/3NxH6vj2o21R6MjxZUAd6nlwAS/pnGvN9IVLocLHxGYIzFhg6fUQ+5th6P4dv4eW9jX3DSIj7A=="],

    "postcss": ["postcss@8.5.15", "", { "dependencies": { "nanoid": "^3.3.12", "picocolors": "^1.1.1", "source-map-js": "^1.2.1" } }, "sha512-FfR8sjd4em2T6fb3I2MwAJU7HWVMr9zba+enmQeeWFfCbm+UOC/0X4DS8XtpUTMwWMGbjKYP7xjfNekzyGmB3A=="],

    "publint": ["publint@0.3.21", "", { "dependencies": { "@publint/pack": "^0.1.4", "package-manager-detector": "^1.6.0", "picocolors": "^1.1.1", "sade": "^1.8.1" }, "bin": { "publint": "src/cli.js" } }, "sha512-OqejcnMV6E9zel2oCrUOJEiiFkGiAAni0A6ibfQNh1k9Gu5z4F+Yso8lllam7AzmV6Do0vp7u3UpZNRBwuXaHQ=="],

    "quansync": ["quansync@1.0.0", "", {}, "sha512-5xZacEEufv3HSTPQuchrvV6soaiACMFnq1H8wkVioctoH3TRha9Sz66lOxRwPK/qZj7HPiSveih9yAyh98gvqA=="],

    "resolve-pkg-maps": ["resolve-pkg-maps@1.0.0", "", {}, "sha512-seS2Tj26TBVOC2NIc2rOe2y2ZO7efxITtLZcGSOnHHNOQ7CkiUBfw0Iw2ck6xkIhPwLhKNLS8BO+hEpngQlqzw=="],

    "rolldown": ["rolldown@1.1.2", "", { "dependencies": { "@oxc-project/types": "=0.137.0", "@rolldown/pluginutils": "^1.0.0" }, "optionalDependencies": { "@rolldown/binding-android-arm64": "1.1.2", "@rolldown/binding-darwin-arm64": "1.1.2", "@rolldown/binding-darwin-x64": "1.1.2", "@rolldown/binding-freebsd-x64": "1.1.2", "@rolldown/binding-linux-arm-gnueabihf": "1.1.2", "@rolldown/binding-linux-arm64-gnu": "1.1.2", "@rolldown/binding-linux-arm64-musl": "1.1.2", "@rolldown/binding-linux-ppc64-gnu": "1.1.2", "@rolldown/binding-linux-s390x-gnu": "1.1.2", "@rolldown/binding-linux-x64-gnu": "1.1.2", "@rolldown/binding-linux-x64-musl": "1.1.2", "@rolldown/binding-openharmony-arm64": "1.1.2", "@rolldown/binding-wasm32-wasi": "1.1.2", "@rolldown/binding-win32-arm64-msvc": "1.1.2", "@rolldown/binding-win32-x64-msvc": "1.1.2" }, "bin": { "rolldown": "./bin/cli.mjs" } }, "sha512-x0CrQQqCXWGeI8dTvFfN/Dnv3yMKT9hv5jFjlOreKAx9wqLq9wz7VvLLHyaAXC90/CpggTu9SisSbsJJTPSjNQ=="],

    "rolldown-plugin-dts": ["rolldown-plugin-dts@0.26.0", "", { "dependencies": { "@babel/generator": "^8.0.0", "@babel/helper-validator-identifier": "^8.0.0", "@babel/parser": "^8.0.0", "ast-kit": "^3.0.0", "birpc": "^4.0.0", "dts-resolver": "^3.0.0", "get-tsconfig": "5.0.0-beta.5", "obug": "^2.1.3" }, "peerDependencies": { "@ts-macro/tsc": "^0.3.6", "@typescript/native-preview": ">=7.0.0-dev.20260325.1", "rolldown": "^1.0.0", "typescript": "^5.0.0 || ^6.0.0", "vue-tsc": "~3.2.0 || ~3.3.0" }, "optionalPeers": ["@ts-macro/tsc", "@typescript/native-preview", "typescript", "vue-tsc"] }, "sha512-e+kEPtUiDES0htk5iqkSeF4EzAV7R+vugGB44iPDuw1Kw9E+WyL1VG7PaV0IIjGHLiacztMBcMTyrr8ON9CT1Q=="],

    "runner-run": ["runner-run@0.15.0", "", { "optionalDependencies": { "@runner-run/darwin-arm64": "0.15.0", "@runner-run/darwin-x64": "0.15.0", "@runner-run/freebsd-arm64": "0.15.0", "@runner-run/freebsd-x64": "0.15.0", "@runner-run/linux-arm64-gnu": "0.15.0", "@runner-run/linux-arm64-musl": "0.15.0", "@runner-run/linux-armv7-gnueabihf": "0.15.0", "@runner-run/linux-x64-gnu": "0.15.0", "@runner-run/linux-x64-musl": "0.15.0", "@runner-run/netbsd-x64": "0.15.0", "@runner-run/win32-arm64-msvc": "0.15.0", "@runner-run/win32-ia32-msvc": "0.15.0", "@runner-run/win32-x64-msvc": "0.15.0" }, "bin": { "run": "bin/run.cjs", "runner": "bin/runner.cjs" } }, "sha512-k7E25jvlZd83I5G/szaQo2lySyS7yutsMNGJezhFjhHgXfTI2NXsbIQgCBMOTK5+W+7MGOLSBmWcg0+ipdUjJQ=="],

    "sade": ["sade@1.8.1", "", { "dependencies": { "mri": "^1.1.0" } }, "sha512-xal3CZX1Xlo/k4ApwCFrHVACi9fBqJ7V+mwhBsuf/1IOKbBy098Fex+Wa/5QMubw09pSZ/u8EY8PWgevJsXp1A=="],

    "semver": ["semver@7.8.5", "", { "bin": { "semver": "bin/semver.js" } }, "sha512-Y7/KDsb8LjooZpwaqGyulO6DQlksgCncchHGk+sZIY4SBvUocMBEFH5Ur1fI4dV+Jvl0w6cjvucaIi40puRioA=="],

    "sharp": ["sharp@0.35.2", "", { "dependencies": { "@img/colour": "^1.1.0", "detect-libc": "^2.1.2", "semver": "^7.8.4" }, "optionalDependencies": { "@img/sharp-darwin-arm64": "0.35.2", "@img/sharp-darwin-x64": "0.35.2", "@img/sharp-freebsd-wasm32": "0.35.2", "@img/sharp-libvips-darwin-arm64": "1.3.1", "@img/sharp-libvips-darwin-x64": "1.3.1", "@img/sharp-libvips-linux-arm": "1.3.1", "@img/sharp-libvips-linux-arm64": "1.3.1", "@img/sharp-libvips-linux-ppc64": "1.3.1", "@img/sharp-libvips-linux-riscv64": "1.3.1", "@img/sharp-libvips-linux-s390x": "1.3.1", "@img/sharp-libvips-linux-x64": "1.3.1", "@img/sharp-libvips-linuxmusl-arm64": "1.3.1", "@img/sharp-libvips-linuxmusl-x64": "1.3.1", "@img/sharp-linux-arm": "0.35.2", "@img/sharp-linux-arm64": "0.35.2", "@img/sharp-linux-ppc64": "0.35.2", "@img/sharp-linux-riscv64": "0.35.2", "@img/sharp-linux-s390x": "0.35.2", "@img/sharp-linux-x64": "0.35.2", "@img/sharp-linuxmusl-arm64": "0.35.2", "@img/sharp-linuxmusl-x64": "0.35.2", "@img/sharp-webcontainers-wasm32": "0.35.2", "@img/sharp-win32-arm64": "0.35.2", "@img/sharp-win32-ia32": "0.35.2", "@img/sharp-win32-x64": "0.35.2" } }, "sha512-FVtFjtBCMiJS6yb5CX7Sop45WFMpeGw6oRKuJnXYgf/f1ms/D7LE/ZUSNxnW7rZ/dbslQWYkoqFHGPaDBtaK4w=="],

    "source-map-js": ["source-map-js@1.2.1", "", {}, "sha512-UXWMKhLOwVKb728IUtQPXxfYU+usdybtUrK/8uGE8CQMvrhOpwvzDBwj0QhSL7MQc7vIsISBG8VQ8+IDQxpfQA=="],

    "tinyexec": ["tinyexec@1.2.4", "", {}, "sha512-SHf/r48b7vOrjve9PxJo3MN5v5yuyjHvdUcrQffT3WXMUfnGmHDVbC4k3sHJaJTgZCwpUplIaAo5ANtMyp3YHg=="],

    "tinyglobby": ["tinyglobby@0.2.17", "", { "dependencies": { "fdir": "^6.5.0", "picomatch": "^4.0.4" } }, "sha512-wXR/dYpcqKmfWpEdZjiKJOwCNFndD0DMnrW/cYjVGttEkBfVgcLFHoNrlj47mjOVic9yyNu65alsgF4NQyTa2g=="],

    "tree-kill": ["tree-kill@1.2.2", "", { "bin": { "tree-kill": "cli.js" } }, "sha512-L0Orpi8qGpRG//Nd+H90vFB+3iHnue1zSSGmNOOCh1GLJ7rUKVwV2HvijphGQS2UmhUZewS9VgvxYIdgr+fG1A=="],

    "tsdown": ["tsdown@0.22.3", "", { "dependencies": { "ansis": "^4.3.1", "cac": "^7.0.0", "defu": "^6.1.7", "empathic": "^2.0.1", "hookable": "^6.1.1", "import-without-cache": "^0.4.0", "obug": "^2.1.3", "picomatch": "^4.0.4", "rolldown": "~1.1.1", "rolldown-plugin-dts": "^0.26.0", "semver": "^7.8.4", "tinyexec": "^1.2.4", "tinyglobby": "^0.2.17", "tree-kill": "^1.2.2", "unconfig-core": "^7.5.0" }, "peerDependencies": { "@arethetypeswrong/core": "^0.18.1", "@tsdown/css": "0.22.3", "@tsdown/exe": "0.22.3", "@vitejs/devtools": "*", "publint": "^0.3.8", "tsx": "*", "typescript": "^5.0.0 || ^6.0.0", "unplugin-unused": "^0.5.0", "unrun": "*" }, "optionalPeers": ["@arethetypeswrong/core", "@tsdown/css", "@tsdown/exe", "@vitejs/devtools", "publint", "tsx", "typescript", "unplugin-unused", "unrun"], "bin": { "tsdown": "./dist/run.mjs" } }, "sha512-louqbfA8Qf//B9jTTL0FPtXTNpjCWv1VPkbcmQMph2pTpzs+LnB1tbe4tDDRVpo2BjF5SgUXaTZe45SxB8pWHg=="],

    "tslib": ["tslib@2.8.1", "", {}, "sha512-oJFu94HQb+KVduSUQL7wnpmqnfmLsOA/nAh6b6EH0wCEoK0/mPeXU6c3wKDV83MkOuHPRHtSXKKU99IBazS/2w=="],

    "typescript": ["typescript@6.0.3", "", { "bin": { "tsc": "bin/tsc", "tsserver": "bin/tsserver" } }, "sha512-y2TvuxSZPDyQakkFRPZHKFm+KKVqIisdg9/CZwm9ftvKXLP8NRWj38/ODjNbr43SsoXqNuAisEf1GdCxqWcdBw=="],

    "unconfig-core": ["unconfig-core@7.5.0", "", { "dependencies": { "@quansync/fs": "^1.0.0", "quansync": "^1.0.0" } }, "sha512-Su3FauozOGP44ZmKdHy2oE6LPjk51M/TRRjHv2HNCWiDvfvCoxC2lno6jevMA91MYAdCdwP05QnWdWpSbncX/w=="],

    "undici-types": ["undici-types@8.3.0", "", {}, "sha512-j375ScV60dom+YkPFIfTLcOiPxkN/buHz5GobjLhixFuANaNs3C9l4GmrWqejgXWJ7BbJcFYpTEUkS1Ge8bpZQ=="],

    "unplugin": ["unplugin@3.0.0", "", { "dependencies": { "@jridgewell/remapping": "^2.3.5", "picomatch": "^4.0.3", "webpack-virtual-modules": "^0.6.2" } }, "sha512-0Mqk3AT2TZCXWKdcoaufeXNukv2mTrEZExeXlHIOZXdqYoHHr4n51pymnwV8x2BOVxwXbK2HLlI7usrqMpycdg=="],

    "unplugin-unused": ["unplugin-unused@0.5.7", "", { "dependencies": { "empathic": "^2.0.0", "escape-string-regexp": "^5.0.0", "js-tokens": "^10.0.0", "unplugin": "^3.0.0" } }, "sha512-quvqrHs6mPhk1hjbGwMoypXfagveue+/22dtgDrEzc2K9485ZAsnVfq7iYIgv7FwooiRa6+HDaLWgK2IavN+2g=="],

    "validate-npm-package-name": ["validate-npm-package-name@5.0.1", "", {}, "sha512-OljLrQ9SQdOUqTaQxqL5dEfZWrXExyyWsozYlAWFawPVNuD83igl7uJD2RTkNMbniIYgt8l81eCJGIdQF7avLQ=="],

    "vite": ["vite@8.1.0", "", { "dependencies": { "lightningcss": "^1.32.0", "picomatch": "^4.0.4", "postcss": "^8.5.15", "rolldown": "~1.1.2", "tinyglobby": "^0.2.17" }, "optionalDependencies": { "fsevents": "~2.3.3" }, "peerDependencies": { "@types/node": "^20.19.0 || >=22.12.0", "@vitejs/devtools": "^0.3.0", "esbuild": "^0.27.0 || ^0.28.0", "jiti": ">=1.21.0", "less": "^4.0.0", "sass": "^1.70.0", "sass-embedded": "^1.70.0", "stylus": ">=0.54.8", "sugarss": "^5.0.0", "terser": "^5.16.0", "tsx": "^4.8.1", "yaml": "^2.4.2" }, "optionalPeers": ["@types/node", "@vitejs/devtools", "esbuild", "jiti", "less", "sass", "sass-embedded", "stylus", "sugarss", "terser", "tsx", "yaml"], "bin": { "vite": "bin/vite.js" } }, "sha512-BuJcQK/56NQTWDGn4ABea3q4SSBdNPWwNZKTkkUpcMPnLoquSYH8llRtSUIgoL1KSCpHt5eghLShn50mH36y7Q=="],

    "vsi-smoke-fixture": ["vsi-smoke-fixture@workspace:tests/smoke/fixture"],

    "webpack-virtual-modules": ["webpack-virtual-modules@0.6.2", "", {}, "sha512-66/V2i5hQanC51vBQKPH4aI8NMAcBW59FVBs+rC7eGHupMyfn34q7rZIE+ETlJ+XTevqfUhVVBgSUNSW2flEUQ=="],

    "@arethetypeswrong/core/typescript": ["typescript@5.6.1-rc", "", { "bin": { "tsc": "bin/tsc", "tsserver": "bin/tsserver" } }, "sha512-E3b2+1zEFu84jB0YQi9BORDjz9+jGbwwy1Zi3G0LUNw7a7cePUrHMRNy8aPh53nXpkFGVHSxIZo5vKTfYaFiBQ=="],
  }
}
